
Microsoft Visual Studio Solution File, Format Version 12.00
# Visual Studio 2012
Project("{FAE04EC0-301F-11D3-BF4B-00C04F79EFBC}") = "hpCCITSol", "hpCCITSol\hpCCITSol.csproj", "{BCAA0C2C-545E-4D33-BA33-7FAEB06650CD}"
EndProject
Global
	GlobalSection(SolutionConfigurationPlatforms) = preSolution
		Debug|Any CPU = Debug|Any CPU
		Release|Any CPU = Release|Any CPU
	EndGlobalSection
	GlobalSection(ProjectConfigurationPlatforms) = postSolution
		{BCAA0C2C-545E-4D33-BA33-7FAEB06650CD}.Debug|Any CPU.ActiveCfg = Debug|Any CPU
		{BCAA0C2C-545E-4D33-BA33-7FAEB06650CD}.Debug|Any CPU.Build.0 = Debug|Any CPU
		{BCAA0C2C-545E-4D33-BA33-7FAEB06650CD}.Release|Any CPU.ActiveCfg = Release|Any CPU
		{BCAA0C2C-545E-4D33-BA33-7FAEB06650CD}.Release|Any CPU.Build.0 = Release|Any CPU
	EndGlobalSection
	GlobalSection(SolutionProperties) = preSolution
		HideSolutionNode = FALSE
	EndGlobalSection
EndGlobal
